// !$*UTF8*$!
{
	archiveVersion = 1;
	classes = {
	};
	objectVersion = 46;
	objects = {

/* Begin PBXBuildFile section */
		7CAFDB5B191652F100BCDC9F /* Foundation.framework in Frameworks */ = {isa = PBXBuildFile; fileRef = 7CAFDB5A191652F100BCDC9F /* Foundation.framework */; };
		7CAFDB5D191652F100BCDC9F /* CoreGraphics.framework in Frameworks */ = {isa = PBXBuildFile; fileRef = 7CAFDB5C191652F100BCDC9F /* CoreGraphics.framework */; };
		7CAFDB5F191652F100BCDC9F /* UIKit.framework in Frameworks */ = {isa = PBXBuildFile; fileRef = 7CAFDB5E191652F100BCDC9F /* UIKit.framework */; };
		7CAFDB65191652F100BCDC9F /* InfoPlist.strings in Resources */ = {isa = PBXBuildFile; fileRef = 7CAFDB63191652F100BCDC9F /* InfoPlist.strings */; };
		7CAFDB67191652F100BCDC9F /* main.m in Sources */ = {isa = PBXBuildFile; fileRef = 7CAFDB66191652F100BCDC9F /* main.m */; };
		7CAFDB6B191652F100BCDC9F /* AppDelegate.m in Sources */ = {isa = PBXBuildFile; fileRef = 7CAFDB6A191652F100BCDC9F /* AppDelegate.m */; };
		7CAFDB6E191652F100BCDC9F /* Main.storyboard in Resources */ = {isa = PBXBuildFile; fileRef = 7CAFDB6C191652F100BCDC9F /* Main.storyboard */; };
		7CAFDB71191652F100BCDC9F /* ViewController.m in Sources */ = {isa = PBXBuildFile; fileRef = 7CAFDB70191652F100BCDC9F /* ViewController.m */; };
		7CAFDB73191652F100BCDC9F /* Images.xcassets in Resources */ = {isa = PBXBuildFile; fileRef = 7CAFDB72191652F100BCDC9F /* Images.xcassets */; };
		7CAFDB7A191652F100BCDC9F /* XCTest.framework in Frameworks */ = {isa = PBXBuildFile; fileRef = 7CAFDB79191652F100BCDC9F /* XCTest.framework */; };
		7CAFDB7B191652F100BCDC9F /* Foundation.framework in Frameworks */ = {isa = PBXBuildFile; fileRef = 7CAFDB5A191652F100BCDC9F /* Foundation.framework */; };
		7CAFDB7C191652F100BCDC9F /* UIKit.framework in Frameworks */ = {isa = PBXBuildFile; fileRef = 7CAFDB5E191652F100BCDC9F /* UIKit.framework */; };
		7CAFDB84191652F100BCDC9F /* InfoPlist.strings in Resources */ = {isa = PBXBuildFile; fileRef = 7CAFDB82191652F100BCDC9F /* InfoPlist.strings */; };
		7CAFDB86191652F100BCDC9F /* NKLibraryTests.m in Sources */ = {isa = PBXBuildFile; fileRef = 7CAFDB85191652F100BCDC9F /* NKLibraryTests.m */; };
		7CB46D3C1917EF3800B32D99 /* NKHTTPURLRequest.m in Sources */ = {isa = PBXBuildFile; fileRef = 7CB46D3B1917EF3800B32D99 /* NKHTTPURLRequest.m */; };
		7CB46D3F1917EF4200B32D99 /* NKHTTPURLConnection.m in Sources */ = {isa = PBXBuildFile; fileRef = 7CB46D3E1917EF4200B32D99 /* NKHTTPURLConnection.m */; };
		7CB6D51B1916B65B00B5E831 /* UIApplication+Util.m in Sources */ = {isa = PBXBuildFile; fileRef = 7CB6D51A1916B65B00B5E831 /* UIApplication+Util.m */; };
		7CB6D5211916C1B400B5E831 /* NKURLConnection.m in Sources */ = {isa = PBXBuildFile; fileRef = 7CB6D5201916C1B400B5E831 /* NKURLConnection.m */; };
		7CB788C91916F84B00F5074A /* NKUtil.m in Sources */ = {isa = PBXBuildFile; fileRef = 7CB788C81916F84B00F5074A /* NKUtil.m */; };
		7CB788CB1916F8DB00F5074A /* SystemConfiguration.framework in Frameworks */ = {isa = PBXBuildFile; fileRef = 7CB788CA1916F8DB00F5074A /* SystemConfiguration.framework */; };
		7CB788CF1916F9D000F5074A /* NSString+Util.m in Sources */ = {isa = PBXBuildFile; fileRef = 7CB788CE1916F9D000F5074A /* NSString+Util.m */; };
		7CB788D11916F9FE00F5074A /* CoreLocation.framework in Frameworks */ = {isa = PBXBuildFile; fileRef = 7CB788D01916F9FE00F5074A /* CoreLocation.framework */; };
		7CB788D91916FEC700F5074A /* NKSingletonData.m in Sources */ = {isa = PBXBuildFile; fileRef = 7CB788D81916FEC700F5074A /* NKSingletonData.m */; };
/* End PBXBuildFile section */

/* Begin PBXContainerItemProxy section */
		7CAFDB7D191652F100BCDC9F /* PBXContainerItemProxy */ = {
			isa = PBXContainerItemProxy;
			containerPortal = 7CAFDB4F191652F000BCDC9F /* Project object */;
			proxyType = 1;
			remoteGlobalIDString = 7CAFDB56191652F100BCDC9F;
			remoteInfo = NKLibrary;
		};
/* End PBXContainerItemProxy section */

/* Begin PBXFileReference section */
		7C7E47D4191820CD0075F6E5 /* NKURL_ENUM.h */ = {isa = PBXFileReference; fileEncoding = 4; lastKnownFileType = sourcecode.c.h; path = NKURL_ENUM.h; sourceTree = "<group>"; };
		7CAFDB57191652F100BCDC9F /* NKLibrary.app */ = {isa = PBXFileReference; explicitFileType = wrapper.application; includeInIndex = 0; path = NKLibrary.app; sourceTree = BUILT_PRODUCTS_DIR; };
		7CAFDB5A191652F100BCDC9F /* Foundation.framework */ = {isa = PBXFileReference; lastKnownFileType = wrapper.framework; name = Foundation.framework; path = System/Library/Frameworks/Foundation.framework; sourceTree = SDKROOT; };
		7CAFDB5C191652F100BCDC9F /* CoreGraphics.framework */ = {isa = PBXFileReference; lastKnownFileType = wrapper.framework; name = CoreGraphics.framework; path = System/Library/Frameworks/CoreGraphics.framework; sourceTree = SDKROOT; };
		7CAFDB5E191652F100BCDC9F /* UIKit.framework */ = {isa = PBXFileReference; lastKnownFileType = wrapper.framework; name = UIKit.framework; path = System/Library/Frameworks/UIKit.framework; sourceTree = SDKROOT; };
		7CAFDB62191652F100BCDC9F /* NKLibrary-Info.plist */ = {isa = PBXFileReference; lastKnownFileType = text.plist.xml; path = "NKLibrary-Info.plist"; sourceTree = "<group>"; };
		7CAFDB64191652F100BCDC9F /* en */ = {isa = PBXFileReference; lastKnownFileType = text.plist.strings; name = en; path = en.lproj/InfoPlist.strings; sourceTree = "<group>"; };
		7CAFDB66191652F100BCDC9F /* main.m */ = {isa = PBXFileReference; lastKnownFileType = sourcecode.c.objc; path = main.m; sourceTree = "<group>"; };
		7CAFDB68191652F100BCDC9F /* NKLibrary-Prefix.pch */ = {isa = PBXFileReference; lastKnownFileType = sourcecode.c.h; path = "NKLibrary-Prefix.pch"; sourceTree = "<group>"; };
		7CAFDB69191652F100BCDC9F /* AppDelegate.h */ = {isa = PBXFileReference; lastKnownFileType = sourcecode.c.h; path = AppDelegate.h; sourceTree = "<group>"; };
		7CAFDB6A191652F100BCDC9F /* AppDelegate.m */ = {isa = PBXFileReference; lastKnownFileType = sourcecode.c.objc; path = AppDelegate.m; sourceTree = "<group>"; };
		7CAFDB6D191652F100BCDC9F /* Base */ = {isa = PBXFileReference; lastKnownFileType = file.storyboard; name = Base; path = Base.lproj/Main.storyboard; sourceTree = "<group>"; };
		7CAFDB6F191652F100BCDC9F /* ViewController.h */ = {isa = PBXFileReference; lastKnownFileType = sourcecode.c.h; path = ViewController.h; sourceTree = "<group>"; };
		7CAFDB70191652F100BCDC9F /* ViewController.m */ = {isa = PBXFileReference; lastKnownFileType = sourcecode.c.objc; path = ViewController.m; sourceTree = "<group>"; };
		7CAFDB72191652F100BCDC9F /* Images.xcassets */ = {isa = PBXFileReference; lastKnownFileType = folder.assetcatalog; path = Images.xcassets; sourceTree = "<group>"; };
		7CAFDB78191652F100BCDC9F /* NKLibraryTests.xctest */ = {isa = PBXFileReference; explicitFileType = wrapper.cfbundle; includeInIndex = 0; path = NKLibraryTests.xctest; sourceTree = BUILT_PRODUCTS_DIR; };
		7CAFDB79191652F100BCDC9F /* XCTest.framework */ = {isa = PBXFileReference; lastKnownFileType = wrapper.framework; name = XCTest.framework; path = Library/Frameworks/XCTest.framework; sourceTree = DEVELOPER_DIR; };
		7CAFDB81191652F100BCDC9F /* NKLibraryTests-Info.plist */ = {isa = PBXFileReference; lastKnownFileType = text.plist.xml; path = "NKLibraryTests-Info.plist"; sourceTree = "<group>"; };
		7CAFDB83191652F100BCDC9F /* en */ = {isa = PBXFileReference; lastKnownFileType = text.plist.strings; name = en; path = en.lproj/InfoPlist.strings; sourceTree = "<group>"; };
		7CAFDB85191652F100BCDC9F /* NKLibraryTests.m */ = {isa = PBXFileReference; lastKnownFileType = sourcecode.c.objc; path = NKLibraryTests.m; sourceTree = "<group>"; };
		7CB46D301917814B00B32D99 /* NKARCMacro.h */ = {isa = PBXFileReference; fileEncoding = 4; lastKnownFileType = sourcecode.c.h; path = NKARCMacro.h; sourceTree = "<group>"; };
		7CB46D311917814B00B32D99 /* NKLogMacro.h */ = {isa = PBXFileReference; fileEncoding = 4; lastKnownFileType = sourcecode.c.h; path = NKLogMacro.h; sourceTree = "<group>"; };
		7CB46D321917814B00B32D99 /* SynthesizeSingleton.h */ = {isa = PBXFileReference; fileEncoding = 4; lastKnownFileType = sourcecode.c.h; path = SynthesizeSingleton.h; sourceTree = "<group>"; };
		7CB46D3A1917EF3800B32D99 /* NKHTTPURLRequest.h */ = {isa = PBXFileReference; fileEncoding = 4; lastKnownFileType = sourcecode.c.h; path = NKHTTPURLRequest.h; sourceTree = "<group>"; };
		7CB46D3B1917EF3800B32D99 /* NKHTTPURLRequest.m */ = {isa = PBXFileReference; fileEncoding = 4; lastKnownFileType = sourcecode.c.objc; path = NKHTTPURLRequest.m; sourceTree = "<group>"; };
		7CB46D3D1917EF4200B32D99 /* NKHTTPURLConnection.h */ = {isa = PBXFileReference; fileEncoding = 4; lastKnownFileType = sourcecode.c.h; path = NKHTTPURLConnection.h; sourceTree = "<group>"; };
		7CB46D3E1917EF4200B32D99 /* NKHTTPURLConnection.m */ = {isa = PBXFileReference; fileEncoding = 4; lastKnownFileType = sourcecode.c.objc; path = NKHTTPURLConnection.m; sourceTree = "<group>"; };
		7CB6D4D119168FA700B5E831 /* NKMacro.h */ = {isa = PBXFileReference; fileEncoding = 4; lastKnownFileType = sourcecode.c.h; path = NKMacro.h; sourceTree = "<group>"; };
		7CB6D5141916B59000B5E831 /* NKCategory.h */ = {isa = PBXFileReference; fileEncoding = 4; lastKnownFileType = sourcecode.c.h; path = NKCategory.h; sourceTree = "<group>"; };
		7CB6D5191916B65B00B5E831 /* UIApplication+Util.h */ = {isa = PBXFileReference; fileEncoding = 4; lastKnownFileType = sourcecode.c.h; path = "UIApplication+Util.h"; sourceTree = "<group>"; };
		7CB6D51A1916B65B00B5E831 /* UIApplication+Util.m */ = {isa = PBXFileReference; fileEncoding = 4; lastKnownFileType = sourcecode.c.objc; path = "UIApplication+Util.m"; sourceTree = "<group>"; };
		7CB6D51F1916C1B400B5E831 /* NKURLConnection.h */ = {isa = PBXFileReference; fileEncoding = 4; lastKnownFileType = sourcecode.c.h; path = NKURLConnection.h; sourceTree = "<group>"; };
		7CB6D5201916C1B400B5E831 /* NKURLConnection.m */ = {isa = PBXFileReference; fileEncoding = 4; lastKnownFileType = sourcecode.c.objc; path = NKURLConnection.m; sourceTree = "<group>"; };
		7CB788C71916F84B00F5074A /* NKUtil.h */ = {isa = PBXFileReference; fileEncoding = 4; lastKnownFileType = sourcecode.c.h; path = NKUtil.h; sourceTree = "<group>"; };
		7CB788C81916F84B00F5074A /* NKUtil.m */ = {isa = PBXFileReference; fileEncoding = 4; lastKnownFileType = sourcecode.c.objc; path = NKUtil.m; sourceTree = "<group>"; };
		7CB788CA1916F8DB00F5074A /* SystemConfiguration.framework */ = {isa = PBXFileReference; lastKnownFileType = wrapper.framework; name = SystemConfiguration.framework; path = System/Library/Frameworks/SystemConfiguration.framework; sourceTree = SDKROOT; };
		7CB788CD1916F9D000F5074A /* NSString+Util.h */ = {isa = PBXFileReference; fileEncoding = 4; lastKnownFileType = sourcecode.c.h; path = "NSString+Util.h"; sourceTree = "<group>"; };
		7CB788CE1916F9D000F5074A /* NSString+Util.m */ = {isa = PBXFileReference; fileEncoding = 4; lastKnownFileType = sourcecode.c.objc; path = "NSString+Util.m"; sourceTree = "<group>"; };
		7CB788D01916F9FE00F5074A /* CoreLocation.framework */ = {isa = PBXFileReference; lastKnownFileType = wrapper.framework; name = CoreLocation.framework; path = System/Library/Frameworks/CoreLocation.framework; sourceTree = SDKROOT; };
		7CB788D71916FEC700F5074A /* NKSingletonData.h */ = {isa = PBXFileReference; fileEncoding = 4; lastKnownFileType = sourcecode.c.h; path = NKSingletonData.h; sourceTree = "<group>"; };
		7CB788D81916FEC700F5074A /* NKSingletonData.m */ = {isa = PBXFileReference; fileEncoding = 4; lastKnownFileType = sourcecode.c.objc; path = NKSingletonData.m; sourceTree = "<group>"; };
/* End PBXFileReference section */

/* Begin PBXFrameworksBuildPhase section */
		7CAFDB54191652F100BCDC9F /* Frameworks */ = {
			isa = PBXFrameworksBuildPhase;
			buildActionMask = 2147483647;
			files = (
				7CB788D11916F9FE00F5074A /* CoreLocation.framework in Frameworks */,
				7CB788CB1916F8DB00F5074A /* SystemConfiguration.framework in Frameworks */,
				7CAFDB5D191652F100BCDC9F /* CoreGraphics.framework in Frameworks */,
				7CAFDB5F191652F100BCDC9F /* UIKit.framework in Frameworks */,
				7CAFDB5B191652F100BCDC9F /* Foundation.framework in Frameworks */,
			);
			runOnlyForDeploymentPostprocessing = 0;
		};
		7CAFDB75191652F100BCDC9F /* Frameworks */ = {
			isa = PBXFrameworksBuildPhase;
			buildActionMask = 2147483647;
			files = (
				7CAFDB7A191652F100BCDC9F /* XCTest.framework in Frameworks */,
				7CAFDB7C191652F100BCDC9F /* UIKit.framework in Frameworks */,
				7CAFDB7B191652F100BCDC9F /* Foundation.framework in Frameworks */,
			);
			runOnlyForDeploymentPostprocessing = 0;
		};
/* End PBXFrameworksBuildPhase section */

/* Begin PBXGroup section */
		7CAFDB4E191652F000BCDC9F = {
			isa = PBXGroup;
			children = (
				7CAFDB60191652F100BCDC9F /* NKLibrary */,
				7CAFDB7F191652F100BCDC9F /* NKLibraryTests */,
				7CAFDB59191652F100BCDC9F /* Frameworks */,
				7CAFDB58191652F100BCDC9F /* Products */,
			);
			sourceTree = "<group>";
		};
		7CAFDB58191652F100BCDC9F /* Products */ = {
			isa = PBXGroup;
			children = (
				7CAFDB57191652F100BCDC9F /* NKLibrary.app */,
				7CAFDB78191652F100BCDC9F /* NKLibraryTests.xctest */,
			);
			name = Products;
			sourceTree = "<group>";
		};
		7CAFDB59191652F100BCDC9F /* Frameworks */ = {
			isa = PBXGroup;
			children = (
				7CB788D01916F9FE00F5074A /* CoreLocation.framework */,
				7CB788CA1916F8DB00F5074A /* SystemConfiguration.framework */,
				7CAFDB5A191652F100BCDC9F /* Foundation.framework */,
				7CAFDB5C191652F100BCDC9F /* CoreGraphics.framework */,
				7CAFDB5E191652F100BCDC9F /* UIKit.framework */,
				7CAFDB79191652F100BCDC9F /* XCTest.framework */,
			);
			name = Frameworks;
			sourceTree = "<group>";
		};
		7CAFDB60191652F100BCDC9F /* NKLibrary */ = {
			isa = PBXGroup;
			children = (
				7CB6D4C619168DD300B5E831 /* Source */,
				7CAFDB6F191652F100BCDC9F /* ViewController.h */,
				7CAFDB70191652F100BCDC9F /* ViewController.m */,
				7CAFDB69191652F100BCDC9F /* AppDelegate.h */,
				7CAFDB6A191652F100BCDC9F /* AppDelegate.m */,
				7CAFDB6C191652F100BCDC9F /* Main.storyboard */,
				7CAFDB72191652F100BCDC9F /* Images.xcassets */,
				7CAFDB61191652F100BCDC9F /* Supporting Files */,
			);
			path = NKLibrary;
			sourceTree = "<group>";
		};
		7CAFDB61191652F100BCDC9F /* Supporting Files */ = {
			isa = PBXGroup;
			children = (
				7CAFDB62191652F100BCDC9F /* NKLibrary-Info.plist */,
				7CAFDB63191652F100BCDC9F /* InfoPlist.strings */,
				7CAFDB66191652F100BCDC9F /* main.m */,
				7CAFDB68191652F100BCDC9F /* NKLibrary-Prefix.pch */,
			);
			name = "Supporting Files";
			sourceTree = "<group>";
		};
		7CAFDB7F191652F100BCDC9F /* NKLibraryTests */ = {
			isa = PBXGroup;
			children = (
				7CAFDB85191652F100BCDC9F /* NKLibraryTests.m */,
				7CAFDB80191652F100BCDC9F /* Supporting Files */,
			);
			path = NKLibraryTests;
			sourceTree = "<group>";
		};
		7CAFDB80191652F100BCDC9F /* Supporting Files */ = {
			isa = PBXGroup;
			children = (
				7CAFDB81191652F100BCDC9F /* NKLibraryTests-Info.plist */,
				7CAFDB82191652F100BCDC9F /* InfoPlist.strings */,
			);
			name = "Supporting Files";
			sourceTree = "<group>";
		};
		7CB46D381917EF0D00B32D99 /* NKHTTPURLRequest */ = {
			isa = PBXGroup;
			children = (
				7C7E47D4191820CD0075F6E5 /* NKURL_ENUM.h */,
				7CB46D3A1917EF3800B32D99 /* NKHTTPURLRequest.h */,
				7CB46D3B1917EF3800B32D99 /* NKHTTPURLRequest.m */,
			);
			path = NKHTTPURLRequest;
			sourceTree = "<group>";
		};
		7CB46D391917EF1800B32D99 /* NKHTTPURLConnection */ = {
			isa = PBXGroup;
			children = (
				7CB46D3D1917EF4200B32D99 /* NKHTTPURLConnection.h */,
				7CB46D3E1917EF4200B32D99 /* NKHTTPURLConnection.m */,
			);
			path = NKHTTPURLConnection;
			sourceTree = "<group>";
		};
		7CB6D4C619168DD300B5E831 /* Source */ = {
			isa = PBXGroup;
			children = (
				7CB788C61916F83900F5074A /* Util */,
				7CB6D5131916B55E00B5E831 /* Category */,
				7CB6D4CF19168EF400B5E831 /* Macro */,
				7CB6D4C819168DD300B5E831 /* Modules */,
			);
			path = Source;
			sourceTree = "<group>";
		};
		7CB6D4C819168DD300B5E831 /* Modules */ = {
			isa = PBXGroup;
			children = (
				7CB788D61916FEBC00F5074A /* NKSingletonData */,
				7CB6D51E1916C1AC00B5E831 /* NKURLConnection */,
			);
			path = Modules;
			sourceTree = "<group>";
		};
		7CB6D4CF19168EF400B5E831 /* Macro */ = {
			isa = PBXGroup;
			children = (
				7CB46D321917814B00B32D99 /* SynthesizeSingleton.h */,
				7CB46D301917814B00B32D99 /* NKARCMacro.h */,
				7CB46D311917814B00B32D99 /* NKLogMacro.h */,
				7CB6D4D119168FA700B5E831 /* NKMacro.h */,
			);
			path = Macro;
			sourceTree = "<group>";
		};
		7CB6D5131916B55E00B5E831 /* Category */ = {
			isa = PBXGroup;
			children = (
				7CB788CC1916F9BD00F5074A /* NSString */,
				7CB6D5181916B65000B5E831 /* UIApplication */,
				7CB6D5141916B59000B5E831 /* NKCategory.h */,
			);
			path = Category;
			sourceTree = "<group>";
		};
		7CB6D5181916B65000B5E831 /* UIApplication */ = {
			isa = PBXGroup;
			children = (
				7CB6D5191916B65B00B5E831 /* UIApplication+Util.h */,
				7CB6D51A1916B65B00B5E831 /* UIApplication+Util.m */,
			);
			path = UIApplication;
			sourceTree = "<group>";
		};
		7CB6D51E1916C1AC00B5E831 /* NKURLConnection */ = {
			isa = PBXGroup;
			children = (
				7CB46D391917EF1800B32D99 /* NKHTTPURLConnection */,
				7CB46D381917EF0D00B32D99 /* NKHTTPURLRequest */,
				7CB6D51F1916C1B400B5E831 /* NKURLConnection.h */,
				7CB6D5201916C1B400B5E831 /* NKURLConnection.m */,
			);
			path = NKURLConnection;
			sourceTree = "<group>";
		};
		7CB788C61916F83900F5074A /* Util */ = {
			isa = PBXGroup;
			children = (
				7CB788C71916F84B00F5074A /* NKUtil.h */,
				7CB788C81916F84B00F5074A /* NKUtil.m */,
			);
			path = Util;
			sourceTree = "<group>";
		};
		7CB788CC1916F9BD00F5074A /* NSString */ = {
			isa = PBXGroup;
			children = (
				7CB788CD1916F9D000F5074A /* NSString+Util.h */,
				7CB788CE1916F9D000F5074A /* NSString+Util.m */,
			);
			path = NSString;
			sourceTree = "<group>";
		};
		7CB788D61916FEBC00F5074A /* NKSingletonData */ = {
			isa = PBXGroup;
			children = (
				7CB788D71916FEC700F5074A /* NKSingletonData.h */,
				7CB788D81916FEC700F5074A /* NKSingletonData.m */,
			);
			path = NKSingletonData;
			sourceTree = "<group>";
		};
/* End PBXGroup section */

/* Begin PBXNativeTarget section */
		7CAFDB56191652F100BCDC9F /* NKLibrary */ = {
			isa = PBXNativeTarget;
			buildConfigurationList = 7CAFDB89191652F100BCDC9F /* Build configuration list for PBXNativeTarget "NKLibrary" */;
			buildPhases = (
				7CAFDB53191652F100BCDC9F /* Sources */,
				7CAFDB54191652F100BCDC9F /* Frameworks */,
				7CAFDB55191652F100BCDC9F /* Resources */,
			);
			buildRules = (
			);
			dependencies = (
			);
			name = NKLibrary;
			productName = NKLibrary;
			productReference = 7CAFDB57191652F100BCDC9F /* NKLibrary.app */;
			productType = "com.apple.product-type.application";
		};
		7CAFDB77191652F100BCDC9F /* NKLibraryTests */ = {
			isa = PBXNativeTarget;
			buildConfigurationList = 7CAFDB8C191652F100BCDC9F /* Build configuration list for PBXNativeTarget "NKLibraryTests" */;
			buildPhases = (
				7CAFDB74191652F100BCDC9F /* Sources */,
				7CAFDB75191652F100BCDC9F /* Frameworks */,
				7CAFDB76191652F100BCDC9F /* Resources */,
			);
			buildRules = (
			);
			dependencies = (
				7CAFDB7E191652F100BCDC9F /* PBXTargetDependency */,
			);
			name = NKLibraryTests;
			productName = NKLibraryTests;
			productReference = 7CAFDB78191652F100BCDC9F /* NKLibraryTests.xctest */;
			productType = "com.apple.product-type.bundle.unit-test";
		};
/* End PBXNativeTarget section */

/* Begin PBXProject section */
		7CAFDB4F191652F000BCDC9F /* Project object */ = {
			isa = PBXProject;
			attributes = {
				LastUpgradeCheck = 0510;
				ORGANIZATIONNAME = JosephNK;
				TargetAttributes = {
					7CAFDB77191652F100BCDC9F = {
						TestTargetID = 7CAFDB56191652F100BCDC9F;
					};
				};
			};
			buildConfigurationList = 7CAFDB52191652F000BCDC9F /* Build configuration list for PBXProject "NKLibrary" */;
			compatibilityVersion = "Xcode 3.2";
			developmentRegion = English;
			hasScannedForEncodings = 0;
			knownRegions = (
				en,
				Base,
			);
			mainGroup = 7CAFDB4E191652F000BCDC9F;
			productRefGroup = 7CAFDB58191652F100BCDC9F /* Products */;
			projectDirPath = "";
			projectRoot = "";
			targets = (
				7CAFDB56191652F100BCDC9F /* NKLibrary */,
				7CAFDB77191652F100BCDC9F /* NKLibraryTests */,
			);
		};
/* End PBXProject section */

/* Begin PBXResourcesBuildPhase section */
		7CAFDB55191652F100BCDC9F /* Resources */ = {
			isa = PBXResourcesBuildPhase;
			buildActionMask = 2147483647;
			files = (
				7CAFDB73191652F100BCDC9F /* Images.xcassets in Resources */,
				7CAFDB65191652F100BCDC9F /* InfoPlist.strings in Resources */,
				7CAFDB6E191652F100BCDC9F /* Main.storyboard in Resources */,
			);
			runOnlyForDeploymentPostprocessing = 0;
		};
		7CAFDB76191652F100BCDC9F /* Resources */ = {
			isa = PBXResourcesBuildPhase;
			buildActionMask = 2147483647;
			files = (
				7CAFDB84191652F100BCDC9F /* InfoPlist.strings in Resources */,
			);
			runOnlyForDeploymentPostprocessing = 0;
		};
/* End PBXResourcesBuildPhase section */

/* Begin PBXSourcesBuildPhase section */
		7CAFDB53191652F100BCDC9F /* Sources */ = {
			isa = PBXSourcesBuildPhase;
			buildActionMask = 2147483647;
			files = (
				7CAFDB71191652F100BCDC9F /* ViewController.m in Sources */,
				7CAFDB6B191652F100BCDC9F /* AppDelegate.m in Sources */,
				7CB788D91916FEC700F5074A /* NKSingletonData.m in Sources */,
				7CB788C91916F84B00F5074A /* NKUtil.m in Sources */,
				7CB788CF1916F9D000F5074A /* NSString+Util.m in Sources */,
				7CB6D51B1916B65B00B5E831 /* UIApplication+Util.m in Sources */,
				7CB46D3C1917EF3800B32D99 /* NKHTTPURLRequest.m in Sources */,
				7CAFDB67191652F100BCDC9F /* main.m in Sources */,
				7CB6D5211916C1B400B5E831 /* NKURLConnection.m in Sources */,
				7CB46D3F1917EF4200B32D99 /* NKHTTPURLConnection.m in Sources */,
			);
			runOnlyForDeploymentPostprocessing = 0;
		};
		7CAFDB74191652F100BCDC9F /* Sources */ = {
			isa = PBXSourcesBuildPhase;
			buildActionMask = 2147483647;
			files = (
				7CAFDB86191652F100BCDC9F /* NKLibraryTests.m in Sources */,
			);
			runOnlyForDeploymentPostprocessing = 0;
		};
/* End PBXSourcesBuildPhase section */

/* Begin PBXTargetDependency section */
		7CAFDB7E191652F100BCDC9F /* PBXTargetDependency */ = {
			isa = PBXTargetDependency;
			target = 7CAFDB56191652F100BCDC9F /* NKLibrary */;
			targetProxy = 7CAFDB7D191652F100BCDC9F /* PBXContainerItemProxy */;
		};
/* End PBXTargetDependency section */

/* Begin PBXVariantGroup section */
		7CAFDB63191652F100BCDC9F /* InfoPlist.strings */ = {
			isa = PBXVariantGroup;
			children = (
				7CAFDB64191652F100BCDC9F /* en */,
			);
			name = InfoPlist.strings;
			sourceTree = "<group>";
		};
		7CAFDB6C191652F100BCDC9F /* Main.storyboard */ = {
			isa = PBXVariantGroup;
			children = (
				7CAFDB6D191652F100BCDC9F /* Base */,
			);
			name = Main.storyboard;
			sourceTree = "<group>";
		};
		7CAFDB82191652F100BCDC9F /* InfoPlist.strings */ = {
			isa = PBXVariantGroup;
			children = (
				7CAFDB83191652F100BCDC9F /* en */,
			);
			name = InfoPlist.strings;
			sourceTree = "<group>";
		};
/* End PBXVariantGroup section */

/* Begin XCBuildConfiguration section */
		7CAFDB87191652F100BCDC9F /* Debug */ = {
			isa = XCBuildConfiguration;
			buildSettings = {
				ALWAYS_SEARCH_USER_PATHS = NO;
				CLANG_CXX_LANGUAGE_STANDARD = "gnu++0x";
				CLANG_CXX_LIBRARY = "libc++";
				CLANG_ENABLE_MODULES = YES;
				CLANG_ENABLE_OBJC_ARC = YES;
				CLANG_WARN_BOOL_CONVERSION = YES;
				CLANG_WARN_CONSTANT_CONVERSION = YES;
				CLANG_WARN_DIRECT_OBJC_ISA_USAGE = YES_ERROR;
				CLANG_WARN_EMPTY_BODY = YES;
				CLANG_WARN_ENUM_CONVERSION = YES;
				CLANG_WARN_INT_CONVERSION = YES;
				CLANG_WARN_OBJC_ROOT_CLASS = YES_ERROR;
				CLANG_WARN__DUPLICATE_METHOD_MATCH = YES;
				"CODE_SIGN_IDENTITY[sdk=iphoneos*]" = "iPhone Developer";
				COPY_PHASE_STRIP = NO;
				GCC_C_LANGUAGE_STANDARD = gnu99;
				GCC_DYNAMIC_NO_PIC = NO;
				GCC_OPTIMIZATION_LEVEL = 0;
				GCC_PREPROCESSOR_DEFINITIONS = (
					"DEBUG=1",
					"$(inherited)",
				);
				GCC_SYMBOLS_PRIVATE_EXTERN = NO;
				GCC_WARN_64_TO_32_BIT_CONVERSION = YES;
				GCC_WARN_ABOUT_RETURN_TYPE = YES_ERROR;
				GCC_WARN_UNDECLARED_SELECTOR = YES;
				GCC_WARN_UNINITIALIZED_AUTOS = YES_AGGRESSIVE;
				GCC_WARN_UNUSED_FUNCTION = YES;
				GCC_WARN_UNUSED_VARIABLE = YES;
				IPHONEOS_DEPLOYMENT_TARGET = 6.0;
				ONLY_ACTIVE_ARCH = YES;
				SDKROOT = iphoneos;
			};
			name = Debug;
		};
		7CAFDB88191652F100BCDC9F /* Release */ = {
			isa = XCBuildConfiguration;
			buildSettings = {
				ALWAYS_SEARCH_USER_PATHS = NO;
				CLANG_CXX_LANGUAGE_STANDARD = "gnu++0x";
				CLANG_CXX_LIBRARY = "libc++";
				CLANG_ENABLE_MODULES = YES;
				CLANG_ENABLE_OBJC_ARC = YES;
				CLANG_WARN_BOOL_CONVERSION = YES;
				CLANG_WARN_CONSTANT_CONVERSION = YES;
				CLANG_WARN_DIRECT_OBJC_ISA_USAGE = YES_ERROR;
				CLANG_WARN_EMPTY_BODY = YES;
				CLANG_WARN_ENUM_CONVERSION = YES;
				CLANG_WARN_INT_CONVERSION = YES;
				CLANG_WARN_OBJC_ROOT_CLASS = YES_ERROR;
				CLANG_WARN__DUPLICATE_METHOD_MATCH = YES;
				"CODE_SIGN_IDENTITY[sdk=iphoneos*]" = "iPhone Developer";
				COPY_PHASE_STRIP = YES;
				ENABLE_NS_ASSERTIONS = NO;
				GCC_C_LANGUAGE_STANDARD = gnu99;
				GCC_WARN_64_TO_32_BIT_CONVERSION = YES;
				GCC_WARN_ABOUT_RETURN_TYPE = YES_ERROR;
				GCC_WARN_UNDECLARED_SELECTOR = YES;
				GCC_WARN_UNINITIALIZED_AUTOS = YES_AGGRESSIVE;
				GCC_WARN_UNUSED_FUNCTION = YES;
				GCC_WARN_UNUSED_VARIABLE = YES;
				IPHONEOS_DEPLOYMENT_TARGET = 6.0;
				SDKROOT = iphoneos;
				VALIDATE_PRODUCT = YES;
			};
			name = Release;
		};
		7CAFDB8A191652F100BCDC9F /* Debug */ = {
			isa = XCBuildConfiguration;
			buildSettings = {
				ASSETCATALOG_COMPILER_APPICON_NAME = AppIcon;
				ASSETCATALOG_COMPILER_LAUNCHIMAGE_NAME = LaunchImage;
				GCC_PRECOMPILE_PREFIX_HEADER = YES;
				GCC_PREFIX_HEADER = "NKLibrary/NKLibrary-Prefix.pch";
				INFOPLIST_FILE = "NKLibrary/NKLibrary-Info.plist";
				PRODUCT_NAME = "$(TARGET_NAME)";
				WRAPPER_EXTENSION = app;
			};
			name = Debug;
		};
		7CAFDB8B191652F100BCDC9F /* Release */ = {
			isa = XCBuildConfiguration;
			buildSettings = {
				ASSETCATALOG_COMPILER_APPICON_NAME = AppIcon;
				ASSETCATALOG_COMPILER_LAUNCHIMAGE_NAME = LaunchImage;
				GCC_PRECOMPILE_PREFIX_HEADER = YES;
				GCC_PREFIX_HEADER = "NKLibrary/NKLibrary-Prefix.pch";
				GCC_PREPROCESSOR_DEFINITIONS = "";
				INFOPLIST_FILE = "NKLibrary/NKLibrary-Info.plist";
				PRODUCT_NAME = "$(TARGET_NAME)";
				WRAPPER_EXTENSION = app;
			};
			name = Release;
		};
		7CAFDB8D191652F100BCDC9F /* Debug */ = {
			isa = XCBuildConfiguration;
			buildSettings = {
				BUNDLE_LOADER = "$(BUILT_PRODUCTS_DIR)/NKLibrary.app/NKLibrary";
				FRAMEWORK_SEARCH_PATHS = (
					"$(SDKROOT)/Developer/Library/Frameworks",
					"$(inherited)",
					"$(DEVELOPER_FRAMEWORKS_DIR)",
				);
				GCC_PRECOMPILE_PREFIX_HEADER = YES;
				GCC_PREFIX_HEADER = "NKLibrary/NKLibrary-Prefix.pch";
				GCC_PREPROCESSOR_DEFINITIONS = (
					"DEBUG=1",
					"$(inherited)",
				);
				INFOPLIST_FILE = "NKLibraryTests/NKLibraryTests-Info.plist";
				PRODUCT_NAME = "$(TARGET_NAME)";
				TEST_HOST = "$(BUNDLE_LOADER)";
				WRAPPER_EXTENSION = xctest;
			};
			name = Debug;
		};
		7CAFDB8E191652F100BCDC9F /* Release */ = {
			isa = XCBuildConfiguration;
			buildSettings = {
				BUNDLE_LOADER = "$(BUILT_PRODUCTS_DIR)/NKLibrary.app/NKLibrary";
				FRAMEWORK_SEARCH_PATHS = (
					"$(SDKROOT)/Developer/Library/Frameworks",
					"$(inherited)",
					"$(DEVELOPER_FRAMEWORKS_DIR)",
				);
				GCC_PRECOMPILE_PREFIX_HEADER = YES;
				GCC_PREFIX_HEADER = "NKLibrary/NKLibrary-Prefix.pch";
				INFOPLIST_FILE = "NKLibraryTests/NKLibraryTests-Info.plist";
				PRODUCT_NAME = "$(TARGET_NAME)";
				TEST_HOST = "$(BUNDLE_LOADER)";
				WRAPPER_EXTENSION = xctest;
			};
			name = Release;
		};
/* End XCBuildConfiguration section */

/* Begin XCConfigurationList section */
		7CAFDB52191652F000BCDC9F /* Build configuration list for PBXProject "NKLibrary" */ = {
			isa = XCConfigurationList;
			buildConfigurations = (
				7CAFDB87191652F100BCDC9F /* Debug */,
				7CAFDB88191652F100BCDC9F /* Release */,
			);
			defaultConfigurationIsVisible = 0;
			defaultConfigurationName = Release;
		};
		7CAFDB89191652F100BCDC9F /* Build configuration list for PBXNativeTarget "NKLibrary" */ = {
			isa = XCConfigurationList;
			buildConfigurations = (
				7CAFDB8A191652F100BCDC9F /* Debug */,
				7CAFDB8B191652F100BCDC9F /* Release */,
			);
			defaultConfigurationIsVisible = 0;
			defaultConfigurationName = Release;
		};
		7CAFDB8C191652F100BCDC9F /* Build configuration list for PBXNativeTarget "NKLibraryTests" */ = {
			isa = XCConfigurationList;
			buildConfigurations = (
				7CAFDB8D191652F100BCDC9F /* Debug */,
				7CAFDB8E191652F100BCDC9F /* Release */,
			);
			defaultConfigurationIsVisible = 0;
			defaultConfigurationName = Release;
		};
/* End XCConfigurationList section */
	};
	rootObject = 7CAFDB4F191652F000BCDC9F /* Project object */;
}
